github.com/napalm684/hugo-theme-stack/v3 v3.0.0-20220830014645-c8955924ee00 h1:m+rv/GRNh+gac1GCjxkl3hiK//j7awtpf/xl1jLxvt8=
github.com/napalm684/hugo-theme-stack/v3 v3.0.0-20220830014645-c8955924ee00/go.mod h1:wEnvxASR+XIkDsk/hjBWa/8NiEsIo5TjhJUZIDvF8BE=
github.com/napalm684/hugo-theme-stack/v3 v3.0.0-20220830190222-a588e68d7566 h1:iOgsq6C2HKZg9Ls4s4s3A4gegmjq8DBBvuvA2svlEO4=
github.com/napalm684/hugo-theme-stack/v3 v3.0.0-20220830190222-a588e68d7566/go.mod h1:wEnvxASR+XIkDsk/hjBWa/8NiEsIo5TjhJUZIDvF8BE=
github.com/napalm684/hugo-theme-stack/v3 v3.0.0-20220830191956-bb3bd7dc8c1f h1:AtCyqeDGXGflzBX79pAFTjxOSTtDC6MuzpaX5/ez6Mc=
github.com/napalm684/hugo-theme-stack/v3 v3.0.0-20220830191956-bb3bd7dc8c1f/go.mod h1:wEnvxASR+XIkDsk/hjBWa/8NiEsIo5TjhJUZIDvF8BE=
github.com/napalm684/hugo-theme-stack/v3 v3.0.0-20220906011500-d9f232e59388 h1:79nRPMZ1eW9zZNd9D9rtbE+4SZAcgVIE2RXU5T7tbe4=
github.com/napalm684/hugo-theme-stack/v3 v3.0.0-20220906011500-d9f232e59388/go.mod h1:+L/QrYcY5MkKbVmA65uNaydUIJIu8TeqND6HRBg1OqU=
github.com/napalm684/hugo-theme-stack/v3 v3.0.0-20220906022203-0a8c0e392686 h1:6+9PK7q5h+oa8iwMv9/gY+UVqYD7DKJyplouvUuFTHc=
github.com/napalm684/hugo-theme-stack/v3 v3.0.0-20220906022203-0a8c0e392686/go.mod h1:+L/QrYcY5MkKbVmA65uNaydUIJIu8TeqND6HRBg1OqU=
github.com/napalm684/hugo-theme-stack/v3 v3.0.0-20220911191623-7fac3c89086c h1:nygaHXqXrCtxtQVJya77l21XnEoqnnKfD5nOHjjjUig=
github.com/napalm684/hugo-theme-stack/v3 v3.0.0-20220911191623-7fac3c89086c/go.mod h1:+L/QrYcY5MkKbVmA65uNaydUIJIu8TeqND6HRBg1OqU=
github.com/napalm684/hugo-theme-stack/v3 v3.0.0-20220913001214-2a6c8eeec010 h1:Iib9+ikcRpmelRppXjV8IcK4Bb0s++bD1AfgQzWs8r8=
github.com/napalm684/hugo-theme-stack/v3 v3.0.0-20220913001214-2a6c8eeec010/go.mod h1:+L/QrYcY5MkKbVmA65uNaydUIJIu8TeqND6HRBg1OqU=
github.com/napalm684/hugo-theme-stack/v3 v3.0.0-20220921225719-51db3bca8f09 h1:O+AhI93ShtSCNSt7l9Hbfv8TGsaa8ur5nPaDIBkntQY=
github.com/napalm684/hugo-theme-stack/v3 v3.0.0-20220921225719-51db3bca8f09/go.mod h1:+L/QrYcY5MkKbVmA65uNaydUIJIu8TeqND6HRBg1OqU=
github.com/napalm684/hugo-theme-stack/v3 v3.0.0-20220921232526-47ba92e9c794 h1:E3BfmftnRREXVbsIPJOT5mr+5ZzYIKz53mNEEbtAi4I=
github.com/napalm684/hugo-theme-stack/v3 v3.0.0-20220921232526-47ba92e9c794/go.mod h1:+L/QrYcY5MkKbVmA65uNaydUIJIu8TeqND6HRBg1OqU=
github.com/napalm684/hugo-theme-stack/v3 v3.0.0-20220921232659-8f8da83a5770 h1:M8niyIMSBY+QiOB+V7/NhfzRtOm1ZVy54j+rzlSh3l4=
github.com/napalm684/hugo-theme-stack/v3 v3.0.0-20220921232659-8f8da83a5770/go.mod h1:+L/QrYcY5MkKbVmA65uNaydUIJIu8TeqND6HRBg1OqU=
github.com/napalm684/hugo-theme-stack/v3 v3.0.0-20220921233741-0507e4dbfaa5 h1:Tdj31Qv9+9lj5hrXyZKy4bVfSVJVF2RUUv2Ue/tM9p4=
github.com/napalm684/hugo-theme-stack/v3 v3.0.0-20220921233741-0507e4dbfaa5/go.mod h1:+L/QrYcY5MkKbVmA65uNaydUIJIu8TeqND6HRBg1OqU=
github.com/napalm684/hugo-theme-stack/v3 v3.0.0-20220921233848-a0ab82c895b3 h1:lAi6jcbRD6nWvXJllzoL6TkocdaXI7GKUvIM2sNI6RM=
github.com/napalm684/hugo-theme-stack/v3 v3.0.0-20220921233848-a0ab82c895b3/go.mod h1:+L/QrYcY5MkKbVmA65uNaydUIJIu8TeqND6HRBg1OqU=
github.com/napalm684/hugo-theme-stack/v3 v3.0.0-20220921234534-8bcccae990b6 h1:bcVU+ZD/0NpE81bzeFRQ8PCOx7WZn3QGG6/qTAY5j+w=
github.com/napalm684/hugo-theme-stack/v3 v3.0.0-20220921234534-8bcccae990b6/go.mod h1:+L/QrYcY5MkKbVmA65uNaydUIJIu8TeqND6HRBg1OqU=
github.com/napalm684/hugo-theme-stack/v3 v3.0.0-20220921234739-38109857c779 h1:Q9SWe5SpCUBrXdZmmBB3RTB2QRRe6priRAzPTFzvu50=
github.com/napalm684/hugo-theme-stack/v3 v3.0.0-20220921234739-38109857c779/go.mod h1:+L/QrYcY5MkKbVmA65uNaydUIJIu8TeqND6HRBg1OqU=
github.com/napalm684/hugo-theme-stack/v3 v3.0.0-20221003192938-6537941f8d48 h1:t9FUlo0ZjOK++QqU0hnwetvYyAlBcx9kR4SNYeoRi1A=
github.com/napalm684/hugo-theme-stack/v3 v3.0.0-20221003192938-6537941f8d48/go.mod h1:+L/QrYcY5MkKbVmA65uNaydUIJIu8TeqND6HRBg1OqU=
