github.com/napalm684/hugo-theme-stack/v3 v3.0.0-20220830014645-c8955924ee00 h1:m+rv/GRNh+gac1GCjxkl3hiK//j7awtpf/xl1jLxvt8=
github.com/napalm684/hugo-theme-stack/v3 v3.0.0-20220830014645-c8955924ee00/go.mod h1:wEnvxASR+XIkDsk/hjBWa/8NiEsIo5TjhJUZIDvF8BE=
github.com/napalm684/hugo-theme-stack/v3 v3.0.0-20220830190222-a588e68d7566 h1:iOgsq6C2HKZg9Ls4s4s3A4gegmjq8DBBvuvA2svlEO4=
github.com/napalm684/hugo-theme-stack/v3 v3.0.0-20220830190222-a588e68d7566/go.mod h1:wEnvxASR+XIkDsk/hjBWa/8NiEsIo5TjhJUZIDvF8BE=
github.com/napalm684/hugo-theme-stack/v3 v3.0.0-20220830191956-bb3bd7dc8c1f h1:AtCyqeDGXGflzBX79pAFTjxOSTtDC6MuzpaX5/ez6Mc=
github.com/napalm684/hugo-theme-stack/v3 v3.0.0-20220830191956-bb3bd7dc8c1f/go.mod h1:wEnvxASR+XIkDsk/hjBWa/8NiEsIo5TjhJUZIDvF8BE=
github.com/napalm684/hugo-theme-stack/v3 v3.0.0-20220906011500-d9f232e59388 h1:79nRPMZ1eW9zZNd9D9rtbE+4SZAcgVIE2RXU5T7tbe4=
github.com/napalm684/hugo-theme-stack/v3 v3.0.0-20220906011500-d9f232e59388/go.mod h1:+L/QrYcY5MkKbVmA65uNaydUIJIu8TeqND6HRBg1OqU=
